
Microsoft Visual Studio Solution File, Format Version 12.00
# Visual Studio Version 17
VisualStudioVersion = 17.2.32602.215
MinimumVisualStudioVersion = 10.0.40219.1
Project("{FAE04EC0-301F-11D3-BF4B-00C04F79EFBC}") = "bucles 2", "bucles 2\bucles 2.csproj", "{B21C73B0-BFB5-4962-AA2C-B4B1114C3ED3}"
EndProject
Global
	GlobalSection(SolutionConfigurationPlatforms) = preSolution
		Debug|Any CPU = Debug|Any CPU
		Release|Any CPU = Release|Any CPU
	EndGlobalSection
	GlobalSection(ProjectConfigurationPlatforms) = postSolution
		{B21C73B0-BFB5-4962-AA2C-B4B1114C3ED3}.Debug|Any CPU.ActiveCfg = Debug|Any CPU
		{B21C73B0-BFB5-4962-AA2C-B4B1114C3ED3}.Debug|Any CPU.Build.0 = Debug|Any CPU
		{B21C73B0-BFB5-4962-AA2C-B4B1114C3ED3}.Release|Any CPU.ActiveCfg = Release|Any CPU
		{B21C73B0-BFB5-4962-AA2C-B4B1114C3ED3}.Release|Any CPU.Build.0 = Release|Any CPU
	EndGlobalSection
	GlobalSection(SolutionProperties) = preSolution
		HideSolutionNode = FALSE
	EndGlobalSection
	GlobalSection(ExtensibilityGlobals) = postSolution
		SolutionGuid = {81217487-5CD7-44D4-BB50-AB21B063478B}
	EndGlobalSection
EndGlobal
