
Microsoft Visual Studio Solution File, Format Version 12.00
# Visual Studio Version 17
VisualStudioVersion = 17.2.32602.215
MinimumVisualStudioVersion = 10.0.40219.1
Project("{FAE04EC0-301F-11D3-BF4B-00C04F79EFBC}") = "condiciones 3", "condiciones 3\condiciones 3.csproj", "{9ABA96DF-E286-4EB7-939B-460176744D74}"
EndProject
Global
	GlobalSection(SolutionConfigurationPlatforms) = preSolution
		Debug|Any CPU = Debug|Any CPU
		Release|Any CPU = Release|Any CPU
	EndGlobalSection
	GlobalSection(ProjectConfigurationPlatforms) = postSolution
		{9ABA96DF-E286-4EB7-939B-460176744D74}.Debug|Any CPU.ActiveCfg = Debug|Any CPU
		{9ABA96DF-E286-4EB7-939B-460176744D74}.Debug|Any CPU.Build.0 = Debug|Any CPU
		{9ABA96DF-E286-4EB7-939B-460176744D74}.Release|Any CPU.ActiveCfg = Release|Any CPU
		{9ABA96DF-E286-4EB7-939B-460176744D74}.Release|Any CPU.Build.0 = Release|Any CPU
	EndGlobalSection
	GlobalSection(SolutionProperties) = preSolution
		HideSolutionNode = FALSE
	EndGlobalSection
	GlobalSection(ExtensibilityGlobals) = postSolution
		SolutionGuid = {28C2DEFE-78C8-4EDD-B0DC-D1A9BEFDD695}
	EndGlobalSection
EndGlobal
