
Microsoft Visual Studio Solution File, Format Version 12.00
# Visual Studio Version 17
VisualStudioVersion = 17.2.32602.215
MinimumVisualStudioVersion = 10.0.40219.1
Project("{FAE04EC0-301F-11D3-BF4B-00C04F79EFBC}") = "metodos", "metodos\metodos.csproj", "{82A3194B-CCB7-475A-8D7F-F73079BA66B5}"
EndProject
Global
	GlobalSection(SolutionConfigurationPlatforms) = preSolution
		Debug|Any CPU = Debug|Any CPU
		Release|Any CPU = Release|Any CPU
	EndGlobalSection
	GlobalSection(ProjectConfigurationPlatforms) = postSolution
		{82A3194B-CCB7-475A-8D7F-F73079BA66B5}.Debug|Any CPU.ActiveCfg = Debug|Any CPU
		{82A3194B-CCB7-475A-8D7F-F73079BA66B5}.Debug|Any CPU.Build.0 = Debug|Any CPU
		{82A3194B-CCB7-475A-8D7F-F73079BA66B5}.Release|Any CPU.ActiveCfg = Release|Any CPU
		{82A3194B-CCB7-475A-8D7F-F73079BA66B5}.Release|Any CPU.Build.0 = Release|Any CPU
	EndGlobalSection
	GlobalSection(SolutionProperties) = preSolution
		HideSolutionNode = FALSE
	EndGlobalSection
	GlobalSection(ExtensibilityGlobals) = postSolution
		SolutionGuid = {D5B02E17-3CEC-4600-A0CF-08D50705A256}
	EndGlobalSection
EndGlobal
