
Microsoft Visual Studio Solution File, Format Version 12.00
# Visual Studio Version 17
VisualStudioVersion = 17.2.32602.215
MinimumVisualStudioVersion = 10.0.40219.1
Project("{FAE04EC0-301F-11D3-BF4B-00C04F79EFBC}") = "bucles 4", "bucles 4\bucles 4.csproj", "{196C4C01-8EAA-4A99-854C-E40FE2D5B33C}"
EndProject
Global
	GlobalSection(SolutionConfigurationPlatforms) = preSolution
		Debug|Any CPU = Debug|Any CPU
		Release|Any CPU = Release|Any CPU
	EndGlobalSection
	GlobalSection(ProjectConfigurationPlatforms) = postSolution
		{196C4C01-8EAA-4A99-854C-E40FE2D5B33C}.Debug|Any CPU.ActiveCfg = Debug|Any CPU
		{196C4C01-8EAA-4A99-854C-E40FE2D5B33C}.Debug|Any CPU.Build.0 = Debug|Any CPU
		{196C4C01-8EAA-4A99-854C-E40FE2D5B33C}.Release|Any CPU.ActiveCfg = Release|Any CPU
		{196C4C01-8EAA-4A99-854C-E40FE2D5B33C}.Release|Any CPU.Build.0 = Release|Any CPU
	EndGlobalSection
	GlobalSection(SolutionProperties) = preSolution
		HideSolutionNode = FALSE
	EndGlobalSection
	GlobalSection(ExtensibilityGlobals) = postSolution
		SolutionGuid = {50663E0F-BA17-49B5-BE5F-18293965C4A3}
	EndGlobalSection
EndGlobal
